<?xml version="1.0" encoding="utf-8"?>
<Project ToolsVersion="4.0" xmlns="http://schemas.microsoft.com/developer/msbuild/2003">
  <ItemGroup>
    <Filter Include="GameEngine">
      <UniqueIdentifier>{D54F7917-C107-BB64-2A0F-94C016E65555}</UniqueIdentifier>
    </Filter>
    <Filter Include="GameEngine\EntitySystem">
      <UniqueIdentifier>{E6828CBA-52BA-D451-5BC4-3875C77AFB4A}</UniqueIdentifier>
    </Filter>
    <Filter Include="GameEngine\EntitySystem\AI">
      <UniqueIdentifier>{BF31D486-AB41-8057-14FB-E475002A6FF0}</UniqueIdentifier>
    </Filter>
    <Filter Include="GameEngine\EntitySystem\Effects">
      <UniqueIdentifier>{9588A174-016C-B0B4-0A6F-DEF076D17605}</UniqueIdentifier>
    </Filter>
    <Filter Include="GameEngine\EntitySystem\Physic">
      <UniqueIdentifier>{45A3777A-31C9-41E1-1A0F-C7AC06D466AD}</UniqueIdentifier>
    </Filter>
    <Filter Include="GameEngine\InputEvents">
      <UniqueIdentifier>{09AF12AF-F5A8-3B01-DE15-D211CAAEA16D}</UniqueIdentifier>
    </Filter>
    <Filter Include="GameEngine\ObjParser">
      <UniqueIdentifier>{8C7DABD7-780C-35A1-212B-499C0D994547}</UniqueIdentifier>
    </Filter>
    <Filter Include="GameEngine\Renderable">
      <UniqueIdentifier>{98FE8EF4-046B-4AEF-CD5E-E24C398A6C57}</UniqueIdentifier>
    </Filter>
    <Filter Include="GameEngine\Shaders">
      <UniqueIdentifier>{AE79C621-9A5D-8777-03BE-81CAEFC071F9}</UniqueIdentifier>
    </Filter>
    <Filter Include="GameEngine\Window">
      <UniqueIdentifier>{1C9B5CAD-88B1-5A43-D128-E6643D7E2BCB}</UniqueIdentifier>
    </Filter>
  </ItemGroup>
  <ItemGroup>
    <ClInclude Include="src\GameEngine.h" />
    <ClInclude Include="src\GameEngine\Application.h">
      <Filter>GameEngine</Filter>
    </ClInclude>
    <ClInclude Include="src\GameEngine\EntitySystem\AI\PathFinding.h">
      <Filter>GameEngine\EntitySystem\AI</Filter>
    </ClInclude>
    <ClInclude Include="src\GameEngine\EntitySystem\AI\UnitDamage.h">
      <Filter>GameEngine\EntitySystem\AI</Filter>
    </ClInclude>
    <ClInclude Include="src\GameEngine\EntitySystem\AI\UnitHealth.h">
      <Filter>GameEngine\EntitySystem\AI</Filter>
    </ClInclude>
    <ClInclude Include="src\GameEngine\EntitySystem\AI\UnitMovement.h">
      <Filter>GameEngine\EntitySystem\AI</Filter>
    </ClInclude>
    <ClInclude Include="src\GameEngine\EntitySystem\BaseComponent.h">
      <Filter>GameEngine\EntitySystem</Filter>
    </ClInclude>
    <ClInclude Include="src\GameEngine\EntitySystem\Effects\Animation.h">
      <Filter>GameEngine\EntitySystem\Effects</Filter>
    </ClInclude>
    <ClInclude Include="src\GameEngine\EntitySystem\Effects\Light.h">
      <Filter>GameEngine\EntitySystem\Effects</Filter>
    </ClInclude>
    <ClInclude Include="src\GameEngine\EntitySystem\Effects\Renderable.h">
      <Filter>GameEngine\EntitySystem\Effects</Filter>
    </ClInclude>
    <ClInclude Include="src\GameEngine\EntitySystem\Effects\Sound.h">
      <Filter>GameEngine\EntitySystem\Effects</Filter>
    </ClInclude>
    <ClInclude Include="src\GameEngine\EntitySystem\EntityManager.h">
      <Filter>GameEngine\EntitySystem</Filter>
    </ClInclude>
    <ClInclude Include="src\GameEngine\EntitySystem\GameObject.h">
      <Filter>GameEngine\EntitySystem</Filter>
    </ClInclude>
    <ClInclude Include="src\GameEngine\EntitySystem\Physic\BoxCollider.h">
      <Filter>GameEngine\EntitySystem\Physic</Filter>
    </ClInclude>
    <ClInclude Include="src\GameEngine\EntitySystem\Physic\Colider.h">
      <Filter>GameEngine\EntitySystem\Physic</Filter>
    </ClInclude>
    <ClInclude Include="src\GameEngine\EntitySystem\Physic\DynamicBody.h">
      <Filter>GameEngine\EntitySystem\Physic</Filter>
    </ClInclude>
    <ClInclude Include="src\GameEngine\EntitySystem\Physic\Physics.h">
      <Filter>GameEngine\EntitySystem\Physic</Filter>
    </ClInclude>
    <ClInclude Include="src\GameEngine\EntitySystem\Physic\SphereCollider.h">
      <Filter>GameEngine\EntitySystem\Physic</Filter>
    </ClInclude>
    <ClInclude Include="src\GameEngine\EntitySystem\Physic\StaticBody.h">
      <Filter>GameEngine\EntitySystem\Physic</Filter>
    </ClInclude>
    <ClInclude Include="src\GameEngine\EntitySystem\Physic\Transform.h">
      <Filter>GameEngine\EntitySystem\Physic</Filter>
    </ClInclude>
    <ClInclude Include="src\GameEngine\InputEvents\InputManager.h">
      <Filter>GameEngine\InputEvents</Filter>
    </ClInclude>
    <ClInclude Include="src\GameEngine\Log.h">
      <Filter>GameEngine</Filter>
    </ClInclude>
    <ClInclude Include="src\GameEngine\MathHelper.h">
      <Filter>GameEngine</Filter>
    </ClInclude>
    <ClInclude Include="src\GameEngine\ObjParser\ObjParser.h">
      <Filter>GameEngine\ObjParser</Filter>
    </ClInclude>
    <ClInclude Include="src\GameEngine\Renderable\CubeRenderable.h">
      <Filter>GameEngine\Renderable</Filter>
    </ClInclude>
    <ClInclude Include="src\GameEngine\Renderable\Renderable.h">
      <Filter>GameEngine\Renderable</Filter>
    </ClInclude>
    <ClInclude Include="src\GameEngine\Shaders\Shader.h">
      <Filter>GameEngine\Shaders</Filter>
    </ClInclude>
    <ClInclude Include="src\GameEngine\Window\Graphics.h">
      <Filter>GameEngine\Window</Filter>
    </ClInclude>
    <ClInclude Include="src\GameEngine\Window\Timer.h">
      <Filter>GameEngine\Window</Filter>
    </ClInclude>
  </ItemGroup>
  <ItemGroup>
    <ClCompile Include="src\GameEngine\Application.cpp">
      <Filter>GameEngine</Filter>
    </ClCompile>
    <ClCompile Include="src\GameEngine\EntitySystem\AI\UnitDamage.cpp">
      <Filter>GameEngine\EntitySystem\AI</Filter>
    </ClCompile>
    <ClCompile Include="src\GameEngine\EntitySystem\AI\UnitHealth.cpp">
      <Filter>GameEngine\EntitySystem\AI</Filter>
    </ClCompile>
    <ClCompile Include="src\GameEngine\EntitySystem\AI\UnitMovement.cpp">
      <Filter>GameEngine\EntitySystem\AI</Filter>
    </ClCompile>
    <ClCompile Include="src\GameEngine\EntitySystem\Effects\Sound.cpp">
      <Filter>GameEngine\EntitySystem\Effects</Filter>
    </ClCompile>
    <ClCompile Include="src\GameEngine\EntitySystem\EntityManager.cpp">
      <Filter>GameEngine\EntitySystem</Filter>
    </ClCompile>
    <ClCompile Include="src\GameEngine\EntitySystem\GameObject.cpp">
      <Filter>GameEngine\EntitySystem</Filter>
    </ClCompile>
    <ClCompile Include="src\GameEngine\EntitySystem\Physic\BoxCollider.cpp">
      <Filter>GameEngine\EntitySystem\Physic</Filter>
    </ClCompile>
    <ClCompile Include="src\GameEngine\EntitySystem\Physic\SphereCollider.cpp">
      <Filter>GameEngine\EntitySystem\Physic</Filter>
    </ClCompile>
    <ClCompile Include="src\GameEngine\EntitySystem\Physic\Transform.cpp">
      <Filter>GameEngine\EntitySystem\Physic</Filter>
    </ClCompile>
    <ClCompile Include="src\GameEngine\InputEvents\InputManager.cpp">
      <Filter>GameEngine\InputEvents</Filter>
    </ClCompile>
    <ClCompile Include="src\GameEngine\Log.cpp">
      <Filter>GameEngine</Filter>
    </ClCompile>
    <ClCompile Include="src\GameEngine\ObjParser\ObjParser.cpp">
      <Filter>GameEngine\ObjParser</Filter>
    </ClCompile>
    <ClCompile Include="src\GameEngine\Renderable\CubeRenderable.cpp">
      <Filter>GameEngine\Renderable</Filter>
    </ClCompile>
    <ClCompile Include="src\GameEngine\Renderable\Renderable.cpp">
      <Filter>GameEngine\Renderable</Filter>
    </ClCompile>
    <ClCompile Include="src\GameEngine\Shaders\Shader.cpp">
      <Filter>GameEngine\Shaders</Filter>
    </ClCompile>
    <ClCompile Include="src\GameEngine\Window\Graphics.cpp">
      <Filter>GameEngine\Window</Filter>
    </ClCompile>
    <ClCompile Include="src\GameEngine\Window\Timer.cpp">
      <Filter>GameEngine\Window</Filter>
    </ClCompile>
  </ItemGroup>
</Project>