<?xml version="1.0" encoding="utf-8"?>
<Project ToolsVersion="4.0" xmlns="http://schemas.microsoft.com/developer/msbuild/2003">
  <ItemGroup>
    <Filter Include="GameEngine">
      <UniqueIdentifier>{D54F7917-C107-BB64-2A0F-94C016E65555}</UniqueIdentifier>
    </Filter>
    <Filter Include="GameEngine\InputEvents">
      <UniqueIdentifier>{09AF12AF-F5A8-3B01-DE15-D211CAAEA16D}</UniqueIdentifier>
    </Filter>
    <Filter Include="GameEngine\objects">
      <UniqueIdentifier>{8fe860b5-81c9-4968-9f6c-ed769ed659dc}</UniqueIdentifier>
    </Filter>
  </ItemGroup>
  <ItemGroup>
    <ClInclude Include="src\GameEngine.h" />
    <ClInclude Include="src\GameEngine\Application.h">
      <Filter>GameEngine</Filter>
    </ClInclude>
    <ClInclude Include="src\GameEngine\InputEvents\EventMain.h">
      <Filter>GameEngine\InputEvents</Filter>
    </ClInclude>
    <ClInclude Include="src\GameEngine\InputEvents\KeyEvents.h">
      <Filter>GameEngine\InputEvents</Filter>
    </ClInclude>
    <ClInclude Include="src\GameEngine\InputEvents\MouseEvents.h">
      <Filter>GameEngine\InputEvents</Filter>
    </ClInclude>
    <ClInclude Include="src\GameEngine\InputEvents\WindowEvents.h">
      <Filter>GameEngine\InputEvents</Filter>
    </ClInclude>
    <ClInclude Include="src\GameEngine\Log.h">
      <Filter>GameEngine</Filter>
    </ClInclude>
    <ClInclude Include="ObjParser.h">
      <Filter>GameEngine\objects</Filter>
    </ClInclude>
    <ClInclude Include="Renderable.h">
      <Filter>GameEngine\objects</Filter>
    </ClInclude>
  </ItemGroup>
  <ItemGroup>
    <ClCompile Include="src\GameEngine\Application.cpp">
      <Filter>GameEngine</Filter>
    </ClCompile>
    <ClCompile Include="src\GameEngine\Init.cpp">
      <Filter>GameEngine</Filter>
    </ClCompile>
    <ClCompile Include="src\GameEngine\Log.cpp">
      <Filter>GameEngine</Filter>
    </ClCompile>
    <ClCompile Include="Renderable.cpp">
      <Filter>GameEngine\objects</Filter>
    </ClCompile>
    <ClCompile Include="ObjParser.cpp">
      <Filter>GameEngine\objects</Filter>
    </ClCompile>
  </ItemGroup>
</Project>